// !$*UTF8*$!
{
	archiveVersion = 1;
	classes = {
	};
	objectVersion = 46;
	objects = {

/* Begin PBXBuildFile section */
		8704EB411A359EAF009EEA1C /* Geometries.swift in Sources */ = {isa = PBXBuildFile; fileRef = 8704EB401A359EAF009EEA1C /* Geometries.swift */; };
		879AE47D1A309C9200F46E09 /* AppDelegate.swift in Sources */ = {isa = PBXBuildFile; fileRef = 879AE47C1A309C9200F46E09 /* AppDelegate.swift */; };
		879AE47F1A309C9200F46E09 /* GameScene.sks in Resources */ = {isa = PBXBuildFile; fileRef = 879AE47E1A309C9200F46E09 /* GameScene.sks */; };
		879AE4811A309C9200F46E09 /* GameScene.swift in Sources */ = {isa = PBXBuildFile; fileRef = 879AE4801A309C9200F46E09 /* GameScene.swift */; };
		879AE4831A309C9200F46E09 /* GameViewController.swift in Sources */ = {isa = PBXBuildFile; fileRef = 879AE4821A309C9200F46E09 /* GameViewController.swift */; };
		879AE4861A309C9200F46E09 /* Main.storyboard in Resources */ = {isa = PBXBuildFile; fileRef = 879AE4841A309C9200F46E09 /* Main.storyboard */; };
		879AE4881A309C9200F46E09 /* Images.xcassets in Resources */ = {isa = PBXBuildFile; fileRef = 879AE4871A309C9200F46E09 /* Images.xcassets */; };
		879AE48B1A309C9200F46E09 /* LaunchScreen.xib in Resources */ = {isa = PBXBuildFile; fileRef = 879AE4891A309C9200F46E09 /* LaunchScreen.xib */; };
		879AE4971A309C9200F46E09 /* TheOneTests.swift in Sources */ = {isa = PBXBuildFile; fileRef = 879AE4961A309C9200F46E09 /* TheOneTests.swift */; };
		879AE4F21A318D3200F46E09 /* Direction.swift in Sources */ = {isa = PBXBuildFile; fileRef = 879AE4EC1A318D3200F46E09 /* Direction.swift */; };
		879AE4F31A318D3200F46E09 /* AStarNode.swift in Sources */ = {isa = PBXBuildFile; fileRef = 879AE4ED1A318D3200F46E09 /* AStarNode.swift */; };
		879AE4F41A318D3200F46E09 /* RouteData.swift in Sources */ = {isa = PBXBuildFile; fileRef = 879AE4EE1A318D3200F46E09 /* RouteData.swift */; };
		879AE4F51A318D3200F46E09 /* RouteManager.swift in Sources */ = {isa = PBXBuildFile; fileRef = 879AE4EF1A318D3200F46E09 /* RouteManager.swift */; };
		879AE4F61A318D3200F46E09 /* CostCalcProtocal.swift in Sources */ = {isa = PBXBuildFile; fileRef = 879AE4F01A318D3200F46E09 /* CostCalcProtocal.swift */; };
		87A1F16E1A31AA0300C65BD4 /* SimpleCostCalc.swift in Sources */ = {isa = PBXBuildFile; fileRef = 87A1F16D1A31AA0300C65BD4 /* SimpleCostCalc.swift */; };
/* End PBXBuildFile section */

/* Begin PBXContainerItemProxy section */
		879AE4911A309C9200F46E09 /* PBXContainerItemProxy */ = {
			isa = PBXContainerItemProxy;
			containerPortal = 879AE46F1A309C9200F46E09 /* Project object */;
			proxyType = 1;
			remoteGlobalIDString = 879AE4761A309C9200F46E09;
			remoteInfo = TheOne;
		};
/* End PBXContainerItemProxy section */

/* Begin PBXFileReference section */
		8704EB401A359EAF009EEA1C /* Geometries.swift */ = {isa = PBXFileReference; fileEncoding = 4; lastKnownFileType = sourcecode.swift; path = Geometries.swift; sourceTree = "<group>"; };
		879AE4771A309C9200F46E09 /* TheOne.app */ = {isa = PBXFileReference; explicitFileType = wrapper.application; includeInIndex = 0; path = TheOne.app; sourceTree = BUILT_PRODUCTS_DIR; };
		879AE47B1A309C9200F46E09 /* Info.plist */ = {isa = PBXFileReference; lastKnownFileType = text.plist.xml; path = Info.plist; sourceTree = "<group>"; };
		879AE47C1A309C9200F46E09 /* AppDelegate.swift */ = {isa = PBXFileReference; lastKnownFileType = sourcecode.swift; path = AppDelegate.swift; sourceTree = "<group>"; };
		879AE47E1A309C9200F46E09 /* GameScene.sks */ = {isa = PBXFileReference; lastKnownFileType = file.sks; path = GameScene.sks; sourceTree = "<group>"; };
		879AE4801A309C9200F46E09 /* GameScene.swift */ = {isa = PBXFileReference; lastKnownFileType = sourcecode.swift; path = GameScene.swift; sourceTree = "<group>"; };
		879AE4821A309C9200F46E09 /* GameViewController.swift */ = {isa = PBXFileReference; lastKnownFileType = sourcecode.swift; path = GameViewController.swift; sourceTree = "<group>"; };
		879AE4851A309C9200F46E09 /* Base */ = {isa = PBXFileReference; lastKnownFileType = file.storyboard; name = Base; path = Base.lproj/Main.storyboard; sourceTree = "<group>"; };
		879AE4871A309C9200F46E09 /* Images.xcassets */ = {isa = PBXFileReference; lastKnownFileType = folder.assetcatalog; path = Images.xcassets; sourceTree = "<group>"; };
		879AE48A1A309C9200F46E09 /* Base */ = {isa = PBXFileReference; lastKnownFileType = file.xib; name = Base; path = Base.lproj/LaunchScreen.xib; sourceTree = "<group>"; };
		879AE4901A309C9200F46E09 /* TheOneTests.xctest */ = {isa = PBXFileReference; explicitFileType = wrapper.cfbundle; includeInIndex = 0; path = TheOneTests.xctest; sourceTree = BUILT_PRODUCTS_DIR; };
		879AE4951A309C9200F46E09 /* Info.plist */ = {isa = PBXFileReference; lastKnownFileType = text.plist.xml; path = Info.plist; sourceTree = "<group>"; };
		879AE4961A309C9200F46E09 /* TheOneTests.swift */ = {isa = PBXFileReference; lastKnownFileType = sourcecode.swift; path = TheOneTests.swift; sourceTree = "<group>"; };
		879AE4EC1A318D3200F46E09 /* Direction.swift */ = {isa = PBXFileReference; fileEncoding = 4; lastKnownFileType = sourcecode.swift; path = Direction.swift; sourceTree = "<group>"; };
		879AE4ED1A318D3200F46E09 /* AStarNode.swift */ = {isa = PBXFileReference; fileEncoding = 4; lastKnownFileType = sourcecode.swift; path = AStarNode.swift; sourceTree = "<group>"; };
		879AE4EE1A318D3200F46E09 /* RouteData.swift */ = {isa = PBXFileReference; fileEncoding = 4; lastKnownFileType = sourcecode.swift; path = RouteData.swift; sourceTree = "<group>"; };
		879AE4EF1A318D3200F46E09 /* RouteManager.swift */ = {isa = PBXFileReference; fileEncoding = 4; lastKnownFileType = sourcecode.swift; path = RouteManager.swift; sourceTree = "<group>"; };
		879AE4F01A318D3200F46E09 /* CostCalcProtocal.swift */ = {isa = PBXFileReference; fileEncoding = 4; lastKnownFileType = sourcecode.swift; path = CostCalcProtocal.swift; sourceTree = "<group>"; };
		87A1F16C1A31A76200C65BD4 /* MyPlayground.playground */ = {isa = PBXFileReference; lastKnownFileType = file.playground; path = MyPlayground.playground; sourceTree = "<group>"; };
		87A1F16D1A31AA0300C65BD4 /* SimpleCostCalc.swift */ = {isa = PBXFileReference; fileEncoding = 4; lastKnownFileType = sourcecode.swift; path = SimpleCostCalc.swift; sourceTree = "<group>"; };
/* End PBXFileReference section */

/* Begin PBXFrameworksBuildPhase section */
		879AE4741A309C9200F46E09 /* Frameworks */ = {
			isa = PBXFrameworksBuildPhase;
			buildActionMask = 2147483647;
			files = (
			);
			runOnlyForDeploymentPostprocessing = 0;
		};
		879AE48D1A309C9200F46E09 /* Frameworks */ = {
			isa = PBXFrameworksBuildPhase;
			buildActionMask = 2147483647;
			files = (
			);
			runOnlyForDeploymentPostprocessing = 0;
		};
/* End PBXFrameworksBuildPhase section */

/* Begin PBXGroup section */
		879AE46E1A309C9200F46E09 = {
			isa = PBXGroup;
			children = (
				879AE4791A309C9200F46E09 /* TheOne */,
				879AE4931A309C9200F46E09 /* TheOneTests */,
				879AE4781A309C9200F46E09 /* Products */,
			);
			sourceTree = "<group>";
		};
		879AE4781A309C9200F46E09 /* Products */ = {
			isa = PBXGroup;
			children = (
				879AE4771A309C9200F46E09 /* TheOne.app */,
				879AE4901A309C9200F46E09 /* TheOneTests.xctest */,
			);
			name = Products;
			sourceTree = "<group>";
		};
		879AE4791A309C9200F46E09 /* TheOne */ = {
			isa = PBXGroup;
			children = (
				879AE4F81A318DA100F46E09 /* PathFinder */,
				879AE47C1A309C9200F46E09 /* AppDelegate.swift */,
				879AE47E1A309C9200F46E09 /* GameScene.sks */,
				879AE4801A309C9200F46E09 /* GameScene.swift */,
				879AE4821A309C9200F46E09 /* GameViewController.swift */,
				879AE4841A309C9200F46E09 /* Main.storyboard */,
				879AE4871A309C9200F46E09 /* Images.xcassets */,
				879AE4891A309C9200F46E09 /* LaunchScreen.xib */,
				879AE47A1A309C9200F46E09 /* Supporting Files */,
				87A1F16C1A31A76200C65BD4 /* MyPlayground.playground */,
			);
			path = TheOne;
			sourceTree = "<group>";
		};
		879AE47A1A309C9200F46E09 /* Supporting Files */ = {
			isa = PBXGroup;
			children = (
				879AE47B1A309C9200F46E09 /* Info.plist */,
			);
			name = "Supporting Files";
			sourceTree = "<group>";
		};
		879AE4931A309C9200F46E09 /* TheOneTests */ = {
			isa = PBXGroup;
			children = (
				879AE4961A309C9200F46E09 /* TheOneTests.swift */,
				879AE4941A309C9200F46E09 /* Supporting Files */,
			);
			path = TheOneTests;
			sourceTree = "<group>";
		};
		879AE4941A309C9200F46E09 /* Supporting Files */ = {
			isa = PBXGroup;
			children = (
				879AE4951A309C9200F46E09 /* Info.plist */,
			);
			name = "Supporting Files";
			sourceTree = "<group>";
		};
		879AE4F81A318DA100F46E09 /* PathFinder */ = {
			isa = PBXGroup;
			children = (
				879AE4EC1A318D3200F46E09 /* Direction.swift */,
				879AE4ED1A318D3200F46E09 /* AStarNode.swift */,
				8704EB401A359EAF009EEA1C /* Geometries.swift */,
				879AE4EE1A318D3200F46E09 /* RouteData.swift */,
				879AE4EF1A318D3200F46E09 /* RouteManager.swift */,
				879AE4F01A318D3200F46E09 /* CostCalcProtocal.swift */,
				87A1F16D1A31AA0300C65BD4 /* SimpleCostCalc.swift */,
			);
			name = PathFinder;
			sourceTree = "<group>";
		};
/* End PBXGroup section */

/* Begin PBXNativeTarget section */
		879AE4761A309C9200F46E09 /* TheOne */ = {
			isa = PBXNativeTarget;
			buildConfigurationList = 879AE49A1A309C9200F46E09 /* Build configuration list for PBXNativeTarget "TheOne" */;
			buildPhases = (
				879AE4731A309C9200F46E09 /* Sources */,
				879AE4741A309C9200F46E09 /* Frameworks */,
				879AE4751A309C9200F46E09 /* Resources */,
			);
			buildRules = (
			);
			dependencies = (
			);
			name = TheOne;
			productName = TheOne;
			productReference = 879AE4771A309C9200F46E09 /* TheOne.app */;
			productType = "com.apple.product-type.application";
		};
		879AE48F1A309C9200F46E09 /* TheOneTests */ = {
			isa = PBXNativeTarget;
			buildConfigurationList = 879AE49D1A309C9200F46E09 /* Build configuration list for PBXNativeTarget "TheOneTests" */;
			buildPhases = (
				879AE48C1A309C9200F46E09 /* Sources */,
				879AE48D1A309C9200F46E09 /* Frameworks */,
				879AE48E1A309C9200F46E09 /* Resources */,
			);
			buildRules = (
			);
			dependencies = (
				879AE4921A309C9200F46E09 /* PBXTargetDependency */,
			);
			name = TheOneTests;
			productName = TheOneTests;
			productReference = 879AE4901A309C9200F46E09 /* TheOneTests.xctest */;
			productType = "com.apple.product-type.bundle.unit-test";
		};
/* End PBXNativeTarget section */

/* Begin PBXProject section */
		879AE46F1A309C9200F46E09 /* Project object */ = {
			isa = PBXProject;
			attributes = {
				LastUpgradeCheck = 0610;
				ORGANIZATIONNAME = Howard;
				TargetAttributes = {
					879AE4761A309C9200F46E09 = {
						CreatedOnToolsVersion = 6.1.1;
						DevelopmentTeam = LDJ2EKQRTJ;
					};
					879AE48F1A309C9200F46E09 = {
						CreatedOnToolsVersion = 6.1.1;
						TestTargetID = 879AE4761A309C9200F46E09;
					};
				};
			};
			buildConfigurationList = 879AE4721A309C9200F46E09 /* Build configuration list for PBXProject "TheOne" */;
			compatibilityVersion = "Xcode 3.2";
			developmentRegion = English;
			hasScannedForEncodings = 0;
			knownRegions = (
				en,
				Base,
			);
			mainGroup = 879AE46E1A309C9200F46E09;
			productRefGroup = 879AE4781A309C9200F46E09 /* Products */;
			projectDirPath = "";
			projectRoot = "";
			targets = (
				879AE4761A309C9200F46E09 /* TheOne */,
				879AE48F1A309C9200F46E09 /* TheOneTests */,
			);
		};
/* End PBXProject section */

/* Begin PBXResourcesBuildPhase section */
		879AE4751A309C9200F46E09 /* Resources */ = {
			isa = PBXResourcesBuildPhase;
			buildActionMask = 2147483647;
			files = (
				879AE48B1A309C9200F46E09 /* LaunchScreen.xib in Resources */,
				879AE4881A309C9200F46E09 /* Images.xcassets in Resources */,
				879AE47F1A309C9200F46E09 /* GameScene.sks in Resources */,
				879AE4861A309C9200F46E09 /* Main.storyboard in Resources */,
			);
			runOnlyForDeploymentPostprocessing = 0;
		};
		879AE48E1A309C9200F46E09 /* Resources */ = {
			isa = PBXResourcesBuildPhase;
			buildActionMask = 2147483647;
			files = (
			);
			runOnlyForDeploymentPostprocessing = 0;
		};
/* End PBXResourcesBuildPhase section */

/* Begin PBXSourcesBuildPhase section */
		879AE4731A309C9200F46E09 /* Sources */ = {
			isa = PBXSourcesBuildPhase;
			buildActionMask = 2147483647;
			files = (
				879AE4811A309C9200F46E09 /* GameScene.swift in Sources */,
				879AE4F61A318D3200F46E09 /* CostCalcProtocal.swift in Sources */,
				879AE4831A309C9200F46E09 /* GameViewController.swift in Sources */,
				87A1F16E1A31AA0300C65BD4 /* SimpleCostCalc.swift in Sources */,
				879AE47D1A309C9200F46E09 /* AppDelegate.swift in Sources */,
				879AE4F31A318D3200F46E09 /* AStarNode.swift in Sources */,
				879AE4F21A318D3200F46E09 /* Direction.swift in Sources */,
				879AE4F51A318D3200F46E09 /* RouteManager.swift in Sources */,
				879AE4F41A318D3200F46E09 /* RouteData.swift in Sources */,
				8704EB411A359EAF009EEA1C /* Geometries.swift in Sources */,
			);
			runOnlyForDeploymentPostprocessing = 0;
		};
		879AE48C1A309C9200F46E09 /* Sources */ = {
			isa = PBXSourcesBuildPhase;
			buildActionMask = 2147483647;
			files = (
				879AE4971A309C9200F46E09 /* TheOneTests.swift in Sources */,
			);
			runOnlyForDeploymentPostprocessing = 0;
		};
/* End PBXSourcesBuildPhase section */

/* Begin PBXTargetDependency section */
		879AE4921A309C9200F46E09 /* PBXTargetDependency */ = {
			isa = PBXTargetDependency;
			target = 879AE4761A309C9200F46E09 /* TheOne */;
			targetProxy = 879AE4911A309C9200F46E09 /* PBXContainerItemProxy */;
		};
/* End PBXTargetDependency section */

/* Begin PBXVariantGroup section */
		879AE4841A309C9200F46E09 /* Main.storyboard */ = {
			isa = PBXVariantGroup;
			children = (
				879AE4851A309C9200F46E09 /* Base */,
			);
			name = Main.storyboard;
			sourceTree = "<group>";
		};
		879AE4891A309C9200F46E09 /* LaunchScreen.xib */ = {
			isa = PBXVariantGroup;
			children = (
				879AE48A1A309C9200F46E09 /* Base */,
			);
			name = LaunchScreen.xib;
			sourceTree = "<group>";
		};
/* End PBXVariantGroup section */

/* Begin XCBuildConfiguration section */
		879AE4981A309C9200F46E09 /* Debug */ = {
			isa = XCBuildConfiguration;
			buildSettings = {
				ALWAYS_SEARCH_USER_PATHS = NO;
				CLANG_CXX_LANGUAGE_STANDARD = "gnu++0x";
				CLANG_CXX_LIBRARY = "libc++";
				CLANG_ENABLE_MODULES = YES;
				CLANG_ENABLE_OBJC_ARC = YES;
				CLANG_WARN_BOOL_CONVERSION = YES;
				CLANG_WARN_CONSTANT_CONVERSION = YES;
				CLANG_WARN_DIRECT_OBJC_ISA_USAGE = YES_ERROR;
				CLANG_WARN_EMPTY_BODY = YES;
				CLANG_WARN_ENUM_CONVERSION = YES;
				CLANG_WARN_INT_CONVERSION = YES;
				CLANG_WARN_OBJC_ROOT_CLASS = YES_ERROR;
				CLANG_WARN_UNREACHABLE_CODE = YES;
				CLANG_WARN__DUPLICATE_METHOD_MATCH = YES;
				"CODE_SIGN_IDENTITY[sdk=iphoneos*]" = "iPhone Developer";
				COPY_PHASE_STRIP = NO;
				ENABLE_STRICT_OBJC_MSGSEND = YES;
				GCC_C_LANGUAGE_STANDARD = gnu99;
				GCC_DYNAMIC_NO_PIC = NO;
				GCC_OPTIMIZATION_LEVEL = 0;
				GCC_PREPROCESSOR_DEFINITIONS = (
					"DEBUG=1",
					"$(inherited)",
				);
				GCC_SYMBOLS_PRIVATE_EXTERN = NO;
				GCC_WARN_64_TO_32_BIT_CONVERSION = YES;
				GCC_WARN_ABOUT_RETURN_TYPE = YES_ERROR;
				GCC_WARN_UNDECLARED_SELECTOR = YES;
				GCC_WARN_UNINITIALIZED_AUTOS = YES_AGGRESSIVE;
				GCC_WARN_UNUSED_FUNCTION = YES;
				GCC_WARN_UNUSED_VARIABLE = YES;
				IPHONEOS_DEPLOYMENT_TARGET = 8.1;
				MTL_ENABLE_DEBUG_INFO = YES;
				ONLY_ACTIVE_ARCH = YES;
				SDKROOT = iphoneos;
				SWIFT_OPTIMIZATION_LEVEL = "-Onone";
			};
			name = Debug;
		};
		879AE4991A309C9200F46E09 /* Release */ = {
			isa = XCBuildConfiguration;
			buildSettings = {
				ALWAYS_SEARCH_USER_PATHS = NO;
				CLANG_CXX_LANGUAGE_STANDARD = "gnu++0x";
				CLANG_CXX_LIBRARY = "libc++";
				CLANG_ENABLE_MODULES = YES;
				CLANG_ENABLE_OBJC_ARC = YES;
				CLANG_WARN_BOOL_CONVERSION = YES;
				CLANG_WARN_CONSTANT_CONVERSION = YES;
				CLANG_WARN_DIRECT_OBJC_ISA_USAGE = YES_ERROR;
				CLANG_WARN_EMPTY_BODY = YES;
				CLANG_WARN_ENUM_CONVERSION = YES;
				CLANG_WARN_INT_CONVERSION = YES;
				CLANG_WARN_OBJC_ROOT_CLASS = YES_ERROR;
				CLANG_WARN_UNREACHABLE_CODE = YES;
				CLANG_WARN__DUPLICATE_METHOD_MATCH = YES;
				"CODE_SIGN_IDENTITY[sdk=iphoneos*]" = "iPhone Developer";
				COPY_PHASE_STRIP = YES;
				ENABLE_NS_ASSERTIONS = NO;
				ENABLE_STRICT_OBJC_MSGSEND = YES;
				GCC_C_LANGUAGE_STANDARD = gnu99;
				GCC_WARN_64_TO_32_BIT_CONVERSION = YES;
				GCC_WARN_ABOUT_RETURN_TYPE = YES_ERROR;
				GCC_WARN_UNDECLARED_SELECTOR = YES;
				GCC_WARN_UNINITIALIZED_AUTOS = YES_AGGRESSIVE;
				GCC_WARN_UNUSED_FUNCTION = YES;
				GCC_WARN_UNUSED_VARIABLE = YES;
				IPHONEOS_DEPLOYMENT_TARGET = 8.1;
				MTL_ENABLE_DEBUG_INFO = NO;
				SDKROOT = iphoneos;
				VALIDATE_PRODUCT = YES;
			};
			name = Release;
		};
		879AE49B1A309C9200F46E09 /* Debug */ = {
			isa = XCBuildConfiguration;
			buildSettings = {
				ASSETCATALOG_COMPILER_APPICON_NAME = AppIcon;
				CODE_SIGN_IDENTITY = "iPhone Developer";
				"CODE_SIGN_IDENTITY[sdk=iphoneos*]" = "iPhone Developer";
				INFOPLIST_FILE = TheOne/Info.plist;
				LD_RUNPATH_SEARCH_PATHS = "$(inherited) @executable_path/Frameworks";
				ONLY_ACTIVE_ARCH = YES;
				PRODUCT_NAME = "$(TARGET_NAME)";
				PROVISIONING_PROFILE = "";
			};
			name = Debug;
		};
		879AE49C1A309C9200F46E09 /* Release */ = {
			isa = XCBuildConfiguration;
			buildSettings = {
				ASSETCATALOG_COMPILER_APPICON_NAME = AppIcon;
				CODE_SIGN_IDENTITY = "iPhone Developer";
				"CODE_SIGN_IDENTITY[sdk=iphoneos*]" = "iPhone Developer";
				INFOPLIST_FILE = TheOne/Info.plist;
				LD_RUNPATH_SEARCH_PATHS = "$(inherited) @executable_path/Frameworks";
				ONLY_ACTIVE_ARCH = NO;
				PRODUCT_NAME = "$(TARGET_NAME)";
				PROVISIONING_PROFILE = "";
			};
			name = Release;
		};
		879AE49E1A309C9200F46E09 /* Debug */ = {
			isa = XCBuildConfiguration;
			buildSettings = {
				BUNDLE_LOADER = "$(TEST_HOST)";
				FRAMEWORK_SEARCH_PATHS = (
					"$(SDKROOT)/Developer/Library/Frameworks",
					"$(inherited)",
				);
				GCC_PREPROCESSOR_DEFINITIONS = (
					"DEBUG=1",
					"$(inherited)",
				);
				INFOPLIST_FILE = TheOneTests/Info.plist;
				LD_RUNPATH_SEARCH_PATHS = "$(inherited) @executable_path/Frameworks @loader_path/Frameworks";
				PRODUCT_NAME = "$(TARGET_NAME)";
				TEST_HOST = "$(BUILT_PRODUCTS_DIR)/TheOne.app/TheOne";
			};
			name = Debug;
		};
		879AE49F1A309C9200F46E09 /* Release */ = {
			isa = XCBuildConfiguration;
			buildSettings = {
				BUNDLE_LOADER = "$(TEST_HOST)";
				FRAMEWORK_SEARCH_PATHS = (
					"$(SDKROOT)/Developer/Library/Frameworks",
					"$(inherited)",
				);
				INFOPLIST_FILE = TheOneTests/Info.plist;
				LD_RUNPATH_SEARCH_PATHS = "$(inherited) @executable_path/Frameworks @loader_path/Frameworks";
				PRODUCT_NAME = "$(TARGET_NAME)";
				TEST_HOST = "$(BUILT_PRODUCTS_DIR)/TheOne.app/TheOne";
			};
			name = Release;
		};
/* End XCBuildConfiguration section */

/* Begin XCConfigurationList section */
		879AE4721A309C9200F46E09 /* Build configuration list for PBXProject "TheOne" */ = {
			isa = XCConfigurationList;
			buildConfigurations = (
				879AE4981A309C9200F46E09 /* Debug */,
				879AE4991A309C9200F46E09 /* Release */,
			);
			defaultConfigurationIsVisible = 0;
			defaultConfigurationName = Release;
		};
		879AE49A1A309C9200F46E09 /* Build configuration list for PBXNativeTarget "TheOne" */ = {
			isa = XCConfigurationList;
			buildConfigurations = (
				879AE49B1A309C9200F46E09 /* Debug */,
				879AE49C1A309C9200F46E09 /* Release */,
			);
			defaultConfigurationIsVisible = 0;
			defaultConfigurationName = Release;
		};
		879AE49D1A309C9200F46E09 /* Build configuration list for PBXNativeTarget "TheOneTests" */ = {
			isa = XCConfigurationList;
			buildConfigurations = (
				879AE49E1A309C9200F46E09 /* Debug */,
				879AE49F1A309C9200F46E09 /* Release */,
			);
			defaultConfigurationIsVisible = 0;
			defaultConfigurationName = Release;
		};
/* End XCConfigurationList section */
	};
	rootObject = 879AE46F1A309C9200F46E09 /* Project object */;
}
